{
  "object": {
    "pins": [
      {
        "package": "CoreDataModelDescription",
        "repositoryURL": "https://github.com/dmytro-anokhin/core-data-model-description",
        "state": {
          "branch": null,
          "revision": "e909d1dfcb3de849293461b1cc738666bb8fa358",
          "version": "0.0.10"
        }
      }
    ]
  },
  "version": 1
}
